
Microsoft Visual Studio Solution File, Format Version 12.00
# Visual Studio Version 17
VisualStudioVersion = 17.14.36221.1 d17.14
MinimumVisualStudioVersion = 10.0.40219.1
Project("{FAE04EC0-301F-11D3-BF4B-00C04F79EFBC}") = "Classes_Homework", "Classes_Homework.csproj", "{586CF75D-012A-4476-B2A0-D324003339E2}"
EndProject
Global
	GlobalSection(SolutionConfigurationPlatforms) = preSolution
		Debug|Any CPU = Debug|Any CPU
		Release|Any CPU = Release|Any CPU
	EndGlobalSection
	GlobalSection(ProjectConfigurationPlatforms) = postSolution
		{586CF75D-012A-4476-B2A0-D324003339E2}.Debug|Any CPU.ActiveCfg = Debug|Any CPU
		{586CF75D-012A-4476-B2A0-D324003339E2}.Debug|Any CPU.Build.0 = Debug|Any CPU
		{586CF75D-012A-4476-B2A0-D324003339E2}.Release|Any CPU.ActiveCfg = Release|Any CPU
		{586CF75D-012A-4476-B2A0-D324003339E2}.Release|Any CPU.Build.0 = Release|Any CPU
	EndGlobalSection
	GlobalSection(SolutionProperties) = preSolution
		HideSolutionNode = FALSE
	EndGlobalSection
	GlobalSection(ExtensibilityGlobals) = postSolution
		SolutionGuid = {82B7A623-89B9-4169-8D1C-1C303949C1B5}
	EndGlobalSection
EndGlobal
