
Microsoft Visual Studio Solution File, Format Version 12.00
# Visual Studio Version 17
VisualStudioVersion = 17.14.36221.1 d17.14
MinimumVisualStudioVersion = 10.0.40219.1
Project("{FAE04EC0-301F-11D3-BF4B-00C04F79EFBC}") = "Loops_Homework", "Loops_Homework.csproj", "{73C69C83-EA34-4650-8525-58C9315624D8}"
EndProject
Global
	GlobalSection(SolutionConfigurationPlatforms) = preSolution
		Debug|Any CPU = Debug|Any CPU
		Release|Any CPU = Release|Any CPU
	EndGlobalSection
	GlobalSection(ProjectConfigurationPlatforms) = postSolution
		{73C69C83-EA34-4650-8525-58C9315624D8}.Debug|Any CPU.ActiveCfg = Debug|Any CPU
		{73C69C83-EA34-4650-8525-58C9315624D8}.Debug|Any CPU.Build.0 = Debug|Any CPU
		{73C69C83-EA34-4650-8525-58C9315624D8}.Release|Any CPU.ActiveCfg = Release|Any CPU
		{73C69C83-EA34-4650-8525-58C9315624D8}.Release|Any CPU.Build.0 = Release|Any CPU
	EndGlobalSection
	GlobalSection(SolutionProperties) = preSolution
		HideSolutionNode = FALSE
	EndGlobalSection
	GlobalSection(ExtensibilityGlobals) = postSolution
		SolutionGuid = {971DC292-7AE5-40E2-9CA3-FC0B4F7AD7EB}
	EndGlobalSection
EndGlobal
